
Microsoft Visual Studio Solution File, Format Version 12.00
# Visual Studio 15
VisualStudioVersion = 15.0.28307.168
MinimumVisualStudioVersion = 10.0.40219.1
Project("{FAE04EC0-301F-11D3-BF4B-00C04F79EFBC}") = "C0731847", "C0731847\C0731847.csproj", "{4A1DA660-5B34-4E6B-8EF7-9C88BA4D0911}"
EndProject
Global
	GlobalSection(SolutionConfigurationPlatforms) = preSolution
		Debug|Any CPU = Debug|Any CPU
		Release|Any CPU = Release|Any CPU
	EndGlobalSection
	GlobalSection(ProjectConfigurationPlatforms) = postSolution
		{4A1DA660-5B34-4E6B-8EF7-9C88BA4D0911}.Debug|Any CPU.ActiveCfg = Debug|Any CPU
		{4A1DA660-5B34-4E6B-8EF7-9C88BA4D0911}.Debug|Any CPU.Build.0 = Debug|Any CPU
		{4A1DA660-5B34-4E6B-8EF7-9C88BA4D0911}.Release|Any CPU.ActiveCfg = Release|Any CPU
		{4A1DA660-5B34-4E6B-8EF7-9C88BA4D0911}.Release|Any CPU.Build.0 = Release|Any CPU
	EndGlobalSection
	GlobalSection(SolutionProperties) = preSolution
		HideSolutionNode = FALSE
	EndGlobalSection
	GlobalSection(ExtensibilityGlobals) = postSolution
		SolutionGuid = {92780EEF-B234-462C-B9BD-19C40DAF8913}
	EndGlobalSection
EndGlobal
